
Microsoft Visual Studio Solution File, Format Version 12.00
# Visual Studio Version 17
VisualStudioVersion = 17.9.34622.214
MinimumVisualStudioVersion = 10.0.40219.1
Project("{FAE04EC0-301F-11D3-BF4B-00C04F79EFBC}") = "AppBanVeRapChieuPhim_Group7", "AppBanVeRapChieuPhim_Group7\AppBanVeRapChieuPhim_Group7.csproj", "{E63DE9E9-D5DE-4239-BF78-2A83B96332CC}"
EndProject
Project("{54435603-DBB4-11D2-8724-00A0C9A8B90C}") = "AppBanVeXemPhim_Group7", "AppBanVeXemPhim_Group7\AppBanVeXemPhim_Group7.vdproj", "{3A15F493-82A2-4309-A30D-EDFDCC29878B}"
EndProject
Global
	GlobalSection(SolutionConfigurationPlatforms) = preSolution
		Debug|Any CPU = Debug|Any CPU
		Release|Any CPU = Release|Any CPU
	EndGlobalSection
	GlobalSection(ProjectConfigurationPlatforms) = postSolution
		{E63DE9E9-D5DE-4239-BF78-2A83B96332CC}.Debug|Any CPU.ActiveCfg = Debug|Any CPU
		{E63DE9E9-D5DE-4239-BF78-2A83B96332CC}.Debug|Any CPU.Build.0 = Debug|Any CPU
		{E63DE9E9-D5DE-4239-BF78-2A83B96332CC}.Release|Any CPU.ActiveCfg = Release|Any CPU
		{E63DE9E9-D5DE-4239-BF78-2A83B96332CC}.Release|Any CPU.Build.0 = Release|Any CPU
		{3A15F493-82A2-4309-A30D-EDFDCC29878B}.Debug|Any CPU.ActiveCfg = Debug
		{3A15F493-82A2-4309-A30D-EDFDCC29878B}.Release|Any CPU.ActiveCfg = Release
	EndGlobalSection
	GlobalSection(SolutionProperties) = preSolution
		HideSolutionNode = FALSE
	EndGlobalSection
	GlobalSection(ExtensibilityGlobals) = postSolution
		SolutionGuid = {61C2680B-2608-4AC7-A30B-DD9F03A4CD68}
	EndGlobalSection
EndGlobal
